
Microsoft Visual Studio Solution File, Format Version 12.00
# Visual Studio Version 17
VisualStudioVersion = 17.11.35303.130
MinimumVisualStudioVersion = 10.0.40219.1
Project("{FAE04EC0-301F-11D3-BF4B-00C04F79EFBC}") = "ProyectoFinal_Grupo4", "ProyectoFinal_Grupo4\ProyectoFinal_Grupo4.csproj", "{90E0384A-FE2E-4F6D-AA22-44149F8D0311}"
EndProject
Global
	GlobalSection(SolutionConfigurationPlatforms) = preSolution
		Debug|Any CPU = Debug|Any CPU
		Release|Any CPU = Release|Any CPU
	EndGlobalSection
	GlobalSection(ProjectConfigurationPlatforms) = postSolution
		{90E0384A-FE2E-4F6D-AA22-44149F8D0311}.Debug|Any CPU.ActiveCfg = Debug|Any CPU
		{90E0384A-FE2E-4F6D-AA22-44149F8D0311}.Debug|Any CPU.Build.0 = Debug|Any CPU
		{90E0384A-FE2E-4F6D-AA22-44149F8D0311}.Release|Any CPU.ActiveCfg = Release|Any CPU
		{90E0384A-FE2E-4F6D-AA22-44149F8D0311}.Release|Any CPU.Build.0 = Release|Any CPU
	EndGlobalSection
	GlobalSection(SolutionProperties) = preSolution
		HideSolutionNode = FALSE
	EndGlobalSection
	GlobalSection(ExtensibilityGlobals) = postSolution
		SolutionGuid = {6C601D2E-9BA8-488E-9008-B241B184706D}
	EndGlobalSection
EndGlobal
